
Microsoft Visual Studio Solution File, Format Version 12.00
# Visual Studio Version 17
VisualStudioVersion = 17.3.32901.215
MinimumVisualStudioVersion = 10.0.40219.1
Project("{FAE04EC0-301F-11D3-BF4B-00C04F79EFBC}") = "AdayYazilimProject", "AdayYazilimProject\AdayYazilimProject.csproj", "{B9F32FAF-DC9A-4F3F-8D17-1E7E32AE404D}"
EndProject
Project("{FAE04EC0-301F-11D3-BF4B-00C04F79EFBC}") = "Business", "Business\Business.csproj", "{2E3FB0EF-8DF5-4032-ACDC-02460C295D1D}"
EndProject
Project("{FAE04EC0-301F-11D3-BF4B-00C04F79EFBC}") = "Core", "Core\Core.csproj", "{805083C9-CDEE-4409-B91B-1B9E23EB43E8}"
EndProject
Project("{FAE04EC0-301F-11D3-BF4B-00C04F79EFBC}") = "DataAccess", "DataAccess\DataAccess.csproj", "{B46CD0B6-77A2-46C4-A72E-10F9FF03F18D}"
EndProject
Project("{FAE04EC0-301F-11D3-BF4B-00C04F79EFBC}") = "Entities", "Entities\Entities.csproj", "{0A2115BA-749B-4D13-A1C8-FE5DD74EF63A}"
EndProject
Global
	GlobalSection(SolutionConfigurationPlatforms) = preSolution
		Debug|Any CPU = Debug|Any CPU
		Release|Any CPU = Release|Any CPU
	EndGlobalSection
	GlobalSection(ProjectConfigurationPlatforms) = postSolution
		{B9F32FAF-DC9A-4F3F-8D17-1E7E32AE404D}.Debug|Any CPU.ActiveCfg = Debug|Any CPU
		{B9F32FAF-DC9A-4F3F-8D17-1E7E32AE404D}.Debug|Any CPU.Build.0 = Debug|Any CPU
		{B9F32FAF-DC9A-4F3F-8D17-1E7E32AE404D}.Release|Any CPU.ActiveCfg = Release|Any CPU
		{B9F32FAF-DC9A-4F3F-8D17-1E7E32AE404D}.Release|Any CPU.Build.0 = Release|Any CPU
		{2E3FB0EF-8DF5-4032-ACDC-02460C295D1D}.Debug|Any CPU.ActiveCfg = Debug|Any CPU
		{2E3FB0EF-8DF5-4032-ACDC-02460C295D1D}.Debug|Any CPU.Build.0 = Debug|Any CPU
		{2E3FB0EF-8DF5-4032-ACDC-02460C295D1D}.Release|Any CPU.ActiveCfg = Release|Any CPU
		{2E3FB0EF-8DF5-4032-ACDC-02460C295D1D}.Release|Any CPU.Build.0 = Release|Any CPU
		{805083C9-CDEE-4409-B91B-1B9E23EB43E8}.Debug|Any CPU.ActiveCfg = Debug|Any CPU
		{805083C9-CDEE-4409-B91B-1B9E23EB43E8}.Debug|Any CPU.Build.0 = Debug|Any CPU
		{805083C9-CDEE-4409-B91B-1B9E23EB43E8}.Release|Any CPU.ActiveCfg = Release|Any CPU
		{805083C9-CDEE-4409-B91B-1B9E23EB43E8}.Release|Any CPU.Build.0 = Release|Any CPU
		{B46CD0B6-77A2-46C4-A72E-10F9FF03F18D}.Debug|Any CPU.ActiveCfg = Debug|Any CPU
		{B46CD0B6-77A2-46C4-A72E-10F9FF03F18D}.Debug|Any CPU.Build.0 = Debug|Any CPU
		{B46CD0B6-77A2-46C4-A72E-10F9FF03F18D}.Release|Any CPU.ActiveCfg = Release|Any CPU
		{B46CD0B6-77A2-46C4-A72E-10F9FF03F18D}.Release|Any CPU.Build.0 = Release|Any CPU
		{0A2115BA-749B-4D13-A1C8-FE5DD74EF63A}.Debug|Any CPU.ActiveCfg = Debug|Any CPU
		{0A2115BA-749B-4D13-A1C8-FE5DD74EF63A}.Debug|Any CPU.Build.0 = Debug|Any CPU
		{0A2115BA-749B-4D13-A1C8-FE5DD74EF63A}.Release|Any CPU.ActiveCfg = Release|Any CPU
		{0A2115BA-749B-4D13-A1C8-FE5DD74EF63A}.Release|Any CPU.Build.0 = Release|Any CPU
	EndGlobalSection
	GlobalSection(SolutionProperties) = preSolution
		HideSolutionNode = FALSE
	EndGlobalSection
	GlobalSection(ExtensibilityGlobals) = postSolution
		SolutionGuid = {DB9C2481-DABD-4135-9563-F54BAB88DF23}
	EndGlobalSection
EndGlobal
